
Microsoft Visual Studio Solution File, Format Version 11.00
# Visual Studio 2010
Project("{FAE04EC0-301F-11D3-BF4B-00C04F79EFBC}") = "Jellyfish.Library.Silverlight", "..\Library\Silverlight\Jellyfish.Library.Silverlight.csproj", "{99CA7796-B72A-4F8C-BCDB-0D688220A331}"
EndProject
Project("{FAE04EC0-301F-11D3-BF4B-00C04F79EFBC}") = "Jellyfish.Library.Silverlight.Phone", "..\Library\Silverlight\Phone\Jellyfish.Library.Silverlight.Phone.csproj", "{D4880706-29A6-449C-A2A6-3058C37583DA}"
EndProject
Project("{FAE04EC0-301F-11D3-BF4B-00C04F79EFBC}") = "Jellyfish.Library.Wpf", "..\Library\Wpf\Jellyfish.Library.Wpf.csproj", "{93900841-7250-4D3A-837E-43EE3FD118DC}"
EndProject
Project("{FAE04EC0-301F-11D3-BF4B-00C04F79EFBC}") = "Jellyfish.Library.Xna", "..\Library\Xna\Jellyfish.Library.Xna.csproj", "{82F56318-A1FD-4078-A42F-06CAB8B97F63}"
EndProject
Project("{FAE04EC0-301F-11D3-BF4B-00C04F79EFBC}") = "Jellyfish.Library.Xna.Phone", "..\Library\Xna\Jellyfish.Library.Xna.Phone.csproj", "{46B2BD23-3D45-4268-9979-B9CF136CC982}"
EndProject
Project("{FAE04EC0-301F-11D3-BF4B-00C04F79EFBC}") = "Jellyfish.Library.Xna.Xbox", "..\Library\Xna\Jellyfish.Library.Xna.Xbox.csproj", "{222412EE-A626-493F-AE72-344657A6840D}"
EndProject
Project("{FAE04EC0-301F-11D3-BF4B-00C04F79EFBC}") = "Jellyfish.Virtu.Silverlight", "Silverlight\Jellyfish.Virtu.Silverlight.csproj", "{F8DB6D3A-807D-4E2D-92D5-469273E088DA}"
EndProject
Project("{FAE04EC0-301F-11D3-BF4B-00C04F79EFBC}") = "Jellyfish.Virtu.Silverlight.Phone", "Silverlight\Phone\Jellyfish.Virtu.Silverlight.Phone.csproj", "{9F1025D2-E23B-4CDC-AC63-150941013963}"
EndProject
Project("{FAE04EC0-301F-11D3-BF4B-00C04F79EFBC}") = "Jellyfish.Virtu.Wpf", "Wpf\Jellyfish.Virtu.Wpf.csproj", "{C152D47E-BBC1-4C35-8646-465180720A72}"
EndProject
Project("{FAE04EC0-301F-11D3-BF4B-00C04F79EFBC}") = "Jellyfish.Virtu.Xna", "Xna\Jellyfish.Virtu.Xna.csproj", "{3D0AE444-357F-4986-859F-602CC9BB4EF6}"
EndProject
Project("{FAE04EC0-301F-11D3-BF4B-00C04F79EFBC}") = "Jellyfish.Virtu.Xna.Content", "Xna\Content\Jellyfish.Virtu.Xna.Content.contentproj", "{C138ADC9-8F2B-414A-930D-12B489A96BBB}"
EndProject
Project("{FAE04EC0-301F-11D3-BF4B-00C04F79EFBC}") = "Jellyfish.Virtu.Xna.Phone", "Xna\Jellyfish.Virtu.Xna.Phone.csproj", "{AE4C0489-3A21-4264-BE20-EA6C72B24B2C}"
EndProject
Project("{FAE04EC0-301F-11D3-BF4B-00C04F79EFBC}") = "Jellyfish.Virtu.Xna.Xbox", "Xna\Jellyfish.Virtu.Xna.Xbox.csproj", "{1400371E-AC2E-4BC5-8A52-077616F716C4}"
EndProject
Global
	GlobalSection(SolutionConfigurationPlatforms) = preSolution
		Debug|Any CPU = Debug|Any CPU
		Debug|Mixed Platforms = Debug|Mixed Platforms
		Debug|Windows Phone = Debug|Windows Phone
		Debug|x86 = Debug|x86
		Debug|Xbox 360 = Debug|Xbox 360
		Release|Any CPU = Release|Any CPU
		Release|Mixed Platforms = Release|Mixed Platforms
		Release|Windows Phone = Release|Windows Phone
		Release|x86 = Release|x86
		Release|Xbox 360 = Release|Xbox 360
	EndGlobalSection
	GlobalSection(ProjectConfigurationPlatforms) = postSolution
		{99CA7796-B72A-4F8C-BCDB-0D688220A331}.Debug|Any CPU.ActiveCfg = Debug|Any CPU
		{99CA7796-B72A-4F8C-BCDB-0D688220A331}.Debug|Any CPU.Build.0 = Debug|Any CPU
		{99CA7796-B72A-4F8C-BCDB-0D688220A331}.Debug|Mixed Platforms.ActiveCfg = Debug|Any CPU
		{99CA7796-B72A-4F8C-BCDB-0D688220A331}.Debug|Mixed Platforms.Build.0 = Debug|Any CPU
		{99CA7796-B72A-4F8C-BCDB-0D688220A331}.Debug|Windows Phone.ActiveCfg = Debug|Any CPU
		{99CA7796-B72A-4F8C-BCDB-0D688220A331}.Debug|x86.ActiveCfg = Debug|Any CPU
		{99CA7796-B72A-4F8C-BCDB-0D688220A331}.Debug|Xbox 360.ActiveCfg = Debug|Any CPU
		{99CA7796-B72A-4F8C-BCDB-0D688220A331}.Release|Any CPU.ActiveCfg = Release|Any CPU
		{99CA7796-B72A-4F8C-BCDB-0D688220A331}.Release|Any CPU.Build.0 = Release|Any CPU
		{99CA7796-B72A-4F8C-BCDB-0D688220A331}.Release|Mixed Platforms.ActiveCfg = Release|Any CPU
		{99CA7796-B72A-4F8C-BCDB-0D688220A331}.Release|Mixed Platforms.Build.0 = Release|Any CPU
		{99CA7796-B72A-4F8C-BCDB-0D688220A331}.Release|Windows Phone.ActiveCfg = Release|Any CPU
		{99CA7796-B72A-4F8C-BCDB-0D688220A331}.Release|x86.ActiveCfg = Release|Any CPU
		{99CA7796-B72A-4F8C-BCDB-0D688220A331}.Release|Xbox 360.ActiveCfg = Release|Any CPU
		{D4880706-29A6-449C-A2A6-3058C37583DA}.Debug|Any CPU.ActiveCfg = Debug|Any CPU
		{D4880706-29A6-449C-A2A6-3058C37583DA}.Debug|Any CPU.Build.0 = Debug|Any CPU
		{D4880706-29A6-449C-A2A6-3058C37583DA}.Debug|Mixed Platforms.ActiveCfg = Debug|Any CPU
		{D4880706-29A6-449C-A2A6-3058C37583DA}.Debug|Mixed Platforms.Build.0 = Debug|Any CPU
		{D4880706-29A6-449C-A2A6-3058C37583DA}.Debug|Windows Phone.ActiveCfg = Debug|Any CPU
		{D4880706-29A6-449C-A2A6-3058C37583DA}.Debug|x86.ActiveCfg = Debug|Any CPU
		{D4880706-29A6-449C-A2A6-3058C37583DA}.Debug|Xbox 360.ActiveCfg = Debug|Any CPU
		{D4880706-29A6-449C-A2A6-3058C37583DA}.Release|Any CPU.ActiveCfg = Release|Any CPU
		{D4880706-29A6-449C-A2A6-3058C37583DA}.Release|Any CPU.Build.0 = Release|Any CPU
		{D4880706-29A6-449C-A2A6-3058C37583DA}.Release|Mixed Platforms.ActiveCfg = Release|Any CPU
		{D4880706-29A6-449C-A2A6-3058C37583DA}.Release|Mixed Platforms.Build.0 = Release|Any CPU
		{D4880706-29A6-449C-A2A6-3058C37583DA}.Release|Windows Phone.ActiveCfg = Release|Any CPU
		{D4880706-29A6-449C-A2A6-3058C37583DA}.Release|x86.ActiveCfg = Release|Any CPU
		{D4880706-29A6-449C-A2A6-3058C37583DA}.Release|Xbox 360.ActiveCfg = Release|Any CPU
		{93900841-7250-4D3A-837E-43EE3FD118DC}.Debug|Any CPU.ActiveCfg = Debug|Any CPU
		{93900841-7250-4D3A-837E-43EE3FD118DC}.Debug|Any CPU.Build.0 = Debug|Any CPU
		{93900841-7250-4D3A-837E-43EE3FD118DC}.Debug|Mixed Platforms.ActiveCfg = Debug|Any CPU
		{93900841-7250-4D3A-837E-43EE3FD118DC}.Debug|Mixed Platforms.Build.0 = Debug|Any CPU
		{93900841-7250-4D3A-837E-43EE3FD118DC}.Debug|Windows Phone.ActiveCfg = Debug|Any CPU
		{93900841-7250-4D3A-837E-43EE3FD118DC}.Debug|x86.ActiveCfg = Debug|Any CPU
		{93900841-7250-4D3A-837E-43EE3FD118DC}.Debug|Xbox 360.ActiveCfg = Debug|Any CPU
		{93900841-7250-4D3A-837E-43EE3FD118DC}.Release|Any CPU.ActiveCfg = Release|Any CPU
		{93900841-7250-4D3A-837E-43EE3FD118DC}.Release|Any CPU.Build.0 = Release|Any CPU
		{93900841-7250-4D3A-837E-43EE3FD118DC}.Release|Mixed Platforms.ActiveCfg = Release|Any CPU
		{93900841-7250-4D3A-837E-43EE3FD118DC}.Release|Mixed Platforms.Build.0 = Release|Any CPU
		{93900841-7250-4D3A-837E-43EE3FD118DC}.Release|Windows Phone.ActiveCfg = Release|Any CPU
		{93900841-7250-4D3A-837E-43EE3FD118DC}.Release|x86.ActiveCfg = Release|Any CPU
		{93900841-7250-4D3A-837E-43EE3FD118DC}.Release|Xbox 360.ActiveCfg = Release|Any CPU
		{82F56318-A1FD-4078-A42F-06CAB8B97F63}.Debug|Any CPU.ActiveCfg = Debug|x86
		{82F56318-A1FD-4078-A42F-06CAB8B97F63}.Debug|Mixed Platforms.ActiveCfg = Debug|x86
		{82F56318-A1FD-4078-A42F-06CAB8B97F63}.Debug|Mixed Platforms.Build.0 = Debug|x86
		{82F56318-A1FD-4078-A42F-06CAB8B97F63}.Debug|Windows Phone.ActiveCfg = Debug|x86
		{82F56318-A1FD-4078-A42F-06CAB8B97F63}.Debug|x86.ActiveCfg = Debug|x86
		{82F56318-A1FD-4078-A42F-06CAB8B97F63}.Debug|x86.Build.0 = Debug|x86
		{82F56318-A1FD-4078-A42F-06CAB8B97F63}.Debug|Xbox 360.ActiveCfg = Debug|x86
		{82F56318-A1FD-4078-A42F-06CAB8B97F63}.Release|Any CPU.ActiveCfg = Release|x86
		{82F56318-A1FD-4078-A42F-06CAB8B97F63}.Release|Mixed Platforms.ActiveCfg = Release|x86
		{82F56318-A1FD-4078-A42F-06CAB8B97F63}.Release|Mixed Platforms.Build.0 = Release|x86
		{82F56318-A1FD-4078-A42F-06CAB8B97F63}.Release|Windows Phone.ActiveCfg = Release|x86
		{82F56318-A1FD-4078-A42F-06CAB8B97F63}.Release|x86.ActiveCfg = Release|x86
		{82F56318-A1FD-4078-A42F-06CAB8B97F63}.Release|x86.Build.0 = Release|x86
		{82F56318-A1FD-4078-A42F-06CAB8B97F63}.Release|Xbox 360.ActiveCfg = Release|x86
		{46B2BD23-3D45-4268-9979-B9CF136CC982}.Debug|Any CPU.ActiveCfg = Debug|Windows Phone
		{46B2BD23-3D45-4268-9979-B9CF136CC982}.Debug|Mixed Platforms.ActiveCfg = Debug|Windows Phone
		{46B2BD23-3D45-4268-9979-B9CF136CC982}.Debug|Mixed Platforms.Build.0 = Debug|Windows Phone
		{46B2BD23-3D45-4268-9979-B9CF136CC982}.Debug|Windows Phone.ActiveCfg = Debug|Windows Phone
		{46B2BD23-3D45-4268-9979-B9CF136CC982}.Debug|Windows Phone.Build.0 = Debug|Windows Phone
		{46B2BD23-3D45-4268-9979-B9CF136CC982}.Debug|x86.ActiveCfg = Debug|Windows Phone
		{46B2BD23-3D45-4268-9979-B9CF136CC982}.Debug|Xbox 360.ActiveCfg = Debug|Windows Phone
		{46B2BD23-3D45-4268-9979-B9CF136CC982}.Release|Any CPU.ActiveCfg = Release|Windows Phone
		{46B2BD23-3D45-4268-9979-B9CF136CC982}.Release|Mixed Platforms.ActiveCfg = Release|Windows Phone
		{46B2BD23-3D45-4268-9979-B9CF136CC982}.Release|Mixed Platforms.Build.0 = Release|Windows Phone
		{46B2BD23-3D45-4268-9979-B9CF136CC982}.Release|Windows Phone.ActiveCfg = Release|Windows Phone
		{46B2BD23-3D45-4268-9979-B9CF136CC982}.Release|Windows Phone.Build.0 = Release|Windows Phone
		{46B2BD23-3D45-4268-9979-B9CF136CC982}.Release|x86.ActiveCfg = Release|Windows Phone
		{46B2BD23-3D45-4268-9979-B9CF136CC982}.Release|Xbox 360.ActiveCfg = Release|Windows Phone
		{222412EE-A626-493F-AE72-344657A6840D}.Debug|Any CPU.ActiveCfg = Debug|Xbox 360
		{222412EE-A626-493F-AE72-344657A6840D}.Debug|Mixed Platforms.ActiveCfg = Debug|Xbox 360
		{222412EE-A626-493F-AE72-344657A6840D}.Debug|Mixed Platforms.Build.0 = Debug|Xbox 360
		{222412EE-A626-493F-AE72-344657A6840D}.Debug|Windows Phone.ActiveCfg = Debug|Xbox 360
		{222412EE-A626-493F-AE72-344657A6840D}.Debug|x86.ActiveCfg = Debug|Xbox 360
		{222412EE-A626-493F-AE72-344657A6840D}.Debug|Xbox 360.ActiveCfg = Debug|Xbox 360
		{222412EE-A626-493F-AE72-344657A6840D}.Debug|Xbox 360.Build.0 = Debug|Xbox 360
		{222412EE-A626-493F-AE72-344657A6840D}.Release|Any CPU.ActiveCfg = Release|Xbox 360
		{222412EE-A626-493F-AE72-344657A6840D}.Release|Mixed Platforms.ActiveCfg = Release|Xbox 360
		{222412EE-A626-493F-AE72-344657A6840D}.Release|Mixed Platforms.Build.0 = Release|Xbox 360
		{222412EE-A626-493F-AE72-344657A6840D}.Release|Windows Phone.ActiveCfg = Release|Xbox 360
		{222412EE-A626-493F-AE72-344657A6840D}.Release|x86.ActiveCfg = Release|Xbox 360
		{222412EE-A626-493F-AE72-344657A6840D}.Release|Xbox 360.ActiveCfg = Release|Xbox 360
		{222412EE-A626-493F-AE72-344657A6840D}.Release|Xbox 360.Build.0 = Release|Xbox 360
		{F8DB6D3A-807D-4E2D-92D5-469273E088DA}.Debug|Any CPU.ActiveCfg = Debug|Any CPU
		{F8DB6D3A-807D-4E2D-92D5-469273E088DA}.Debug|Any CPU.Build.0 = Debug|Any CPU
		{F8DB6D3A-807D-4E2D-92D5-469273E088DA}.Debug|Mixed Platforms.ActiveCfg = Debug|Any CPU
		{F8DB6D3A-807D-4E2D-92D5-469273E088DA}.Debug|Mixed Platforms.Build.0 = Debug|Any CPU
		{F8DB6D3A-807D-4E2D-92D5-469273E088DA}.Debug|Windows Phone.ActiveCfg = Debug|Any CPU
		{F8DB6D3A-807D-4E2D-92D5-469273E088DA}.Debug|x86.ActiveCfg = Debug|Any CPU
		{F8DB6D3A-807D-4E2D-92D5-469273E088DA}.Debug|Xbox 360.ActiveCfg = Debug|Any CPU
		{F8DB6D3A-807D-4E2D-92D5-469273E088DA}.Release|Any CPU.ActiveCfg = Release|Any CPU
		{F8DB6D3A-807D-4E2D-92D5-469273E088DA}.Release|Any CPU.Build.0 = Release|Any CPU
		{F8DB6D3A-807D-4E2D-92D5-469273E088DA}.Release|Mixed Platforms.ActiveCfg = Release|Any CPU
		{F8DB6D3A-807D-4E2D-92D5-469273E088DA}.Release|Mixed Platforms.Build.0 = Release|Any CPU
		{F8DB6D3A-807D-4E2D-92D5-469273E088DA}.Release|Windows Phone.ActiveCfg = Release|Any CPU
		{F8DB6D3A-807D-4E2D-92D5-469273E088DA}.Release|x86.ActiveCfg = Release|Any CPU
		{F8DB6D3A-807D-4E2D-92D5-469273E088DA}.Release|Xbox 360.ActiveCfg = Release|Any CPU
		{9F1025D2-E23B-4CDC-AC63-150941013963}.Debug|Any CPU.ActiveCfg = Debug|Any CPU
		{9F1025D2-E23B-4CDC-AC63-150941013963}.Debug|Any CPU.Build.0 = Debug|Any CPU
		{9F1025D2-E23B-4CDC-AC63-150941013963}.Debug|Mixed Platforms.ActiveCfg = Debug|Any CPU
		{9F1025D2-E23B-4CDC-AC63-150941013963}.Debug|Mixed Platforms.Build.0 = Debug|Any CPU
		{9F1025D2-E23B-4CDC-AC63-150941013963}.Debug|Windows Phone.ActiveCfg = Debug|Any CPU
		{9F1025D2-E23B-4CDC-AC63-150941013963}.Debug|x86.ActiveCfg = Debug|Any CPU
		{9F1025D2-E23B-4CDC-AC63-150941013963}.Debug|Xbox 360.ActiveCfg = Debug|Any CPU
		{9F1025D2-E23B-4CDC-AC63-150941013963}.Release|Any CPU.ActiveCfg = Release|Any CPU
		{9F1025D2-E23B-4CDC-AC63-150941013963}.Release|Any CPU.Build.0 = Release|Any CPU
		{9F1025D2-E23B-4CDC-AC63-150941013963}.Release|Mixed Platforms.ActiveCfg = Release|Any CPU
		{9F1025D2-E23B-4CDC-AC63-150941013963}.Release|Mixed Platforms.Build.0 = Release|Any CPU
		{9F1025D2-E23B-4CDC-AC63-150941013963}.Release|Windows Phone.ActiveCfg = Release|Any CPU
		{9F1025D2-E23B-4CDC-AC63-150941013963}.Release|x86.ActiveCfg = Release|Any CPU
		{9F1025D2-E23B-4CDC-AC63-150941013963}.Release|Xbox 360.ActiveCfg = Release|Any CPU
		{C152D47E-BBC1-4C35-8646-465180720A72}.Debug|Any CPU.ActiveCfg = Debug|x86
		{C152D47E-BBC1-4C35-8646-465180720A72}.Debug|Mixed Platforms.ActiveCfg = Debug|x86
		{C152D47E-BBC1-4C35-8646-465180720A72}.Debug|Mixed Platforms.Build.0 = Debug|x86
		{C152D47E-BBC1-4C35-8646-465180720A72}.Debug|Windows Phone.ActiveCfg = Debug|x86
		{C152D47E-BBC1-4C35-8646-465180720A72}.Debug|x86.ActiveCfg = Debug|x86
		{C152D47E-BBC1-4C35-8646-465180720A72}.Debug|x86.Build.0 = Debug|x86
		{C152D47E-BBC1-4C35-8646-465180720A72}.Debug|Xbox 360.ActiveCfg = Debug|x86
		{C152D47E-BBC1-4C35-8646-465180720A72}.Release|Any CPU.ActiveCfg = Release|x86
		{C152D47E-BBC1-4C35-8646-465180720A72}.Release|Mixed Platforms.ActiveCfg = Release|x86
		{C152D47E-BBC1-4C35-8646-465180720A72}.Release|Mixed Platforms.Build.0 = Release|x86
		{C152D47E-BBC1-4C35-8646-465180720A72}.Release|Windows Phone.ActiveCfg = Release|x86
		{C152D47E-BBC1-4C35-8646-465180720A72}.Release|x86.ActiveCfg = Release|x86
		{C152D47E-BBC1-4C35-8646-465180720A72}.Release|x86.Build.0 = Release|x86
		{C152D47E-BBC1-4C35-8646-465180720A72}.Release|Xbox 360.ActiveCfg = Release|x86
		{3D0AE444-357F-4986-859F-602CC9BB4EF6}.Debug|Any CPU.ActiveCfg = Debug|x86
		{3D0AE444-357F-4986-859F-602CC9BB4EF6}.Debug|Mixed Platforms.ActiveCfg = Debug|x86
		{3D0AE444-357F-4986-859F-602CC9BB4EF6}.Debug|Mixed Platforms.Build.0 = Debug|x86
		{3D0AE444-357F-4986-859F-602CC9BB4EF6}.Debug|Windows Phone.ActiveCfg = Debug|x86
		{3D0AE444-357F-4986-859F-602CC9BB4EF6}.Debug|x86.ActiveCfg = Debug|x86
		{3D0AE444-357F-4986-859F-602CC9BB4EF6}.Debug|x86.Build.0 = Debug|x86
		{3D0AE444-357F-4986-859F-602CC9BB4EF6}.Debug|Xbox 360.ActiveCfg = Debug|x86
		{3D0AE444-357F-4986-859F-602CC9BB4EF6}.Release|Any CPU.ActiveCfg = Release|x86
		{3D0AE444-357F-4986-859F-602CC9BB4EF6}.Release|Mixed Platforms.ActiveCfg = Release|x86
		{3D0AE444-357F-4986-859F-602CC9BB4EF6}.Release|Mixed Platforms.Build.0 = Release|x86
		{3D0AE444-357F-4986-859F-602CC9BB4EF6}.Release|Windows Phone.ActiveCfg = Release|x86
		{3D0AE444-357F-4986-859F-602CC9BB4EF6}.Release|x86.ActiveCfg = Release|x86
		{3D0AE444-357F-4986-859F-602CC9BB4EF6}.Release|x86.Build.0 = Release|x86
		{3D0AE444-357F-4986-859F-602CC9BB4EF6}.Release|Xbox 360.ActiveCfg = Release|x86
		{C138ADC9-8F2B-414A-930D-12B489A96BBB}.Debug|Any CPU.ActiveCfg = Debug|Any CPU
		{C138ADC9-8F2B-414A-930D-12B489A96BBB}.Debug|Mixed Platforms.ActiveCfg = Debug|Any CPU
		{C138ADC9-8F2B-414A-930D-12B489A96BBB}.Debug|Windows Phone.ActiveCfg = Debug|Any CPU
		{C138ADC9-8F2B-414A-930D-12B489A96BBB}.Debug|x86.ActiveCfg = Debug|Any CPU
		{C138ADC9-8F2B-414A-930D-12B489A96BBB}.Debug|Xbox 360.ActiveCfg = Debug|Any CPU
		{C138ADC9-8F2B-414A-930D-12B489A96BBB}.Release|Any CPU.ActiveCfg = Debug|Any CPU
		{C138ADC9-8F2B-414A-930D-12B489A96BBB}.Release|Mixed Platforms.ActiveCfg = Debug|Any CPU
		{C138ADC9-8F2B-414A-930D-12B489A96BBB}.Release|Windows Phone.ActiveCfg = Debug|Any CPU
		{C138ADC9-8F2B-414A-930D-12B489A96BBB}.Release|x86.ActiveCfg = Debug|Any CPU
		{C138ADC9-8F2B-414A-930D-12B489A96BBB}.Release|Xbox 360.ActiveCfg = Debug|Any CPU
		{AE4C0489-3A21-4264-BE20-EA6C72B24B2C}.Debug|Any CPU.ActiveCfg = Debug|Windows Phone
		{AE4C0489-3A21-4264-BE20-EA6C72B24B2C}.Debug|Mixed Platforms.ActiveCfg = Debug|Windows Phone
		{AE4C0489-3A21-4264-BE20-EA6C72B24B2C}.Debug|Mixed Platforms.Build.0 = Debug|Windows Phone
		{AE4C0489-3A21-4264-BE20-EA6C72B24B2C}.Debug|Windows Phone.ActiveCfg = Debug|Windows Phone
		{AE4C0489-3A21-4264-BE20-EA6C72B24B2C}.Debug|Windows Phone.Build.0 = Debug|Windows Phone
		{AE4C0489-3A21-4264-BE20-EA6C72B24B2C}.Debug|Windows Phone.Deploy.0 = Debug|Windows Phone
		{AE4C0489-3A21-4264-BE20-EA6C72B24B2C}.Debug|x86.ActiveCfg = Debug|Windows Phone
		{AE4C0489-3A21-4264-BE20-EA6C72B24B2C}.Debug|Xbox 360.ActiveCfg = Debug|Windows Phone
		{AE4C0489-3A21-4264-BE20-EA6C72B24B2C}.Release|Any CPU.ActiveCfg = Release|Windows Phone
		{AE4C0489-3A21-4264-BE20-EA6C72B24B2C}.Release|Mixed Platforms.ActiveCfg = Release|Windows Phone
		{AE4C0489-3A21-4264-BE20-EA6C72B24B2C}.Release|Mixed Platforms.Build.0 = Release|Windows Phone
		{AE4C0489-3A21-4264-BE20-EA6C72B24B2C}.Release|Windows Phone.ActiveCfg = Release|Windows Phone
		{AE4C0489-3A21-4264-BE20-EA6C72B24B2C}.Release|Windows Phone.Build.0 = Release|Windows Phone
		{AE4C0489-3A21-4264-BE20-EA6C72B24B2C}.Release|Windows Phone.Deploy.0 = Release|Windows Phone
		{AE4C0489-3A21-4264-BE20-EA6C72B24B2C}.Release|x86.ActiveCfg = Release|Windows Phone
		{AE4C0489-3A21-4264-BE20-EA6C72B24B2C}.Release|Xbox 360.ActiveCfg = Release|Windows Phone
		{1400371E-AC2E-4BC5-8A52-077616F716C4}.Debug|Any CPU.ActiveCfg = Debug|Xbox 360
		{1400371E-AC2E-4BC5-8A52-077616F716C4}.Debug|Mixed Platforms.ActiveCfg = Debug|Xbox 360
		{1400371E-AC2E-4BC5-8A52-077616F716C4}.Debug|Mixed Platforms.Build.0 = Debug|Xbox 360
		{1400371E-AC2E-4BC5-8A52-077616F716C4}.Debug|Windows Phone.ActiveCfg = Debug|Xbox 360
		{1400371E-AC2E-4BC5-8A52-077616F716C4}.Debug|x86.ActiveCfg = Debug|Xbox 360
		{1400371E-AC2E-4BC5-8A52-077616F716C4}.Debug|Xbox 360.ActiveCfg = Debug|Xbox 360
		{1400371E-AC2E-4BC5-8A52-077616F716C4}.Debug|Xbox 360.Build.0 = Debug|Xbox 360
		{1400371E-AC2E-4BC5-8A52-077616F716C4}.Debug|Xbox 360.Deploy.0 = Debug|Xbox 360
		{1400371E-AC2E-4BC5-8A52-077616F716C4}.Release|Any CPU.ActiveCfg = Release|Xbox 360
		{1400371E-AC2E-4BC5-8A52-077616F716C4}.Release|Mixed Platforms.ActiveCfg = Release|Xbox 360
		{1400371E-AC2E-4BC5-8A52-077616F716C4}.Release|Mixed Platforms.Build.0 = Release|Xbox 360
		{1400371E-AC2E-4BC5-8A52-077616F716C4}.Release|Windows Phone.ActiveCfg = Release|Xbox 360
		{1400371E-AC2E-4BC5-8A52-077616F716C4}.Release|x86.ActiveCfg = Release|Xbox 360
		{1400371E-AC2E-4BC5-8A52-077616F716C4}.Release|Xbox 360.ActiveCfg = Release|Xbox 360
		{1400371E-AC2E-4BC5-8A52-077616F716C4}.Release|Xbox 360.Build.0 = Release|Xbox 360
		{1400371E-AC2E-4BC5-8A52-077616F716C4}.Release|Xbox 360.Deploy.0 = Release|Xbox 360
	EndGlobalSection
	GlobalSection(SolutionProperties) = preSolution
		HideSolutionNode = FALSE
	EndGlobalSection
EndGlobal
