
Microsoft Visual Studio Solution File, Format Version 10.00
# Visual Studio 2008
Project("{FAE04EC0-301F-11D3-BF4B-00C04F79EFBC}") = "Jellyfish.Virtu.Wpf", "Jellyfish.Virtu.Wpf.csproj", "{D59B29AC-1105-410D-A88D-61E9C98B0C4B}"
EndProject
Project("{FAE04EC0-301F-11D3-BF4B-00C04F79EFBC}") = "Jellyfish.Library.Wpf", "..\..\Library\Wpf\Jellyfish.Library.Wpf.csproj", "{D47A24A9-1590-4E8A-A406-BC66D5891BFA}"
EndProject
Global
	GlobalSection(SolutionConfigurationPlatforms) = preSolution
		Debug|Any CPU = Debug|Any CPU
		Release|Any CPU = Release|Any CPU
	EndGlobalSection
	GlobalSection(ProjectConfigurationPlatforms) = postSolution
		{D59B29AC-1105-410D-A88D-61E9C98B0C4B}.Debug|Any CPU.ActiveCfg = Debug|Any CPU
		{D59B29AC-1105-410D-A88D-61E9C98B0C4B}.Debug|Any CPU.Build.0 = Debug|Any CPU
		{D59B29AC-1105-410D-A88D-61E9C98B0C4B}.Release|Any CPU.ActiveCfg = Release|Any CPU
		{D59B29AC-1105-410D-A88D-61E9C98B0C4B}.Release|Any CPU.Build.0 = Release|Any CPU
		{D47A24A9-1590-4E8A-A406-BC66D5891BFA}.Debug|Any CPU.ActiveCfg = Debug|Any CPU
		{D47A24A9-1590-4E8A-A406-BC66D5891BFA}.Debug|Any CPU.Build.0 = Debug|Any CPU
		{D47A24A9-1590-4E8A-A406-BC66D5891BFA}.Release|Any CPU.ActiveCfg = Release|Any CPU
		{D47A24A9-1590-4E8A-A406-BC66D5891BFA}.Release|Any CPU.Build.0 = Release|Any CPU
	EndGlobalSection
	GlobalSection(SolutionProperties) = preSolution
		HideSolutionNode = FALSE
	EndGlobalSection
EndGlobal
